#MicroXplorer Configuration settings - do not modify
Mcu.Family=STM32F7
ProjectManager.MainLocation=Core/Src
RCC.I2SFreq_Value=96000000
NVIC.CAN1_RX1_IRQn=true\:5\:0\:false\:false\:true\:true\:true\:true
RCC.USART1Freq_Value=16000000
ProjectManager.ProjectFileName=power-distribution-module-2022.ioc
VP_SYS_VS_tim6.Mode=TIM6
RCC.SAI1Freq_Value=96000000
RCC.CortexFreq_Value=16000000
FREERTOS.Tasks01=taskMain_Loop,0,256,task_main_loop,Default,NULL,Dynamic,NULL,NULL;taskGCAN_Hardwa,0,256,task_gcan_hw,Default,NULL,Dynamic,NULL,NULL
RCC.UART7Freq_Value=16000000
ProjectManager.KeepUserCode=true
Mcu.UserName=STM32F756ZGTx
Mcu.PinsNb=6
ProjectManager.NoMain=false
NVIC.TIM6_DAC_IRQn=true\:0\:0\:false\:false\:true\:false\:false\:true
CAN1.AWUM=ENABLE
PC13.Locked=true
NVIC.SavedSvcallIrqHandlerGenerated=true
RCC.PLLCLKFreq_Value=96000000
PC13.Signal=GPIO_Input
CAN1.IPParameters=CalculateTimeQuantum,CalculateTimeBit,CalculateBaudRate,Prescaler,BS1,ABOM,AWUM,Mode
RCC.PLLQCLKFreq_Value=96000000
CAN1.CalculateBaudRate=1000000
ProjectManager.functionlistsort=1-SystemClock_Config-RCC-false-HAL-false,0-MX_CORTEX_M7_Init-CORTEX_M7-false-HAL-true
ProjectManager.DefaultFWLocation=true
PB0.GPIO_Label=GRN_LED
RCC.PLLI2SRCLKFreq_Value=96000000
RCC.USART2Freq_Value=16000000
ProjectManager.DeletePrevious=true
RCC.UART8Freq_Value=16000000
PC13.GPIO_Label=BUTTON
RCC.LCDTFToutputFreq_Value=48000000
PinOutPanel.RotationAngle=0
RCC.FamilyName=M
ProjectManager.StackSize=0x400
RCC.I2C3Freq_Value=16000000
RCC.LPTIM1Freq_Value=16000000
Mcu.IP4=RCC
RCC.FCLKCortexFreq_Value=16000000
Mcu.IP5=SYS
VP_FREERTOS_VS_CMSIS_V1.Signal=FREERTOS_VS_CMSIS_V1
Mcu.IP2=FREERTOS
NVIC.SVCall_IRQn=true\:0\:0\:false\:false\:false\:false\:false\:false
Mcu.IP3=NVIC
Mcu.IP0=CAN1
Mcu.IP1=CORTEX_M7
Mcu.UserConstants=
CAN1.BS1=CAN_BS1_6TQ
ProjectManager.TargetToolchain=STM32CubeIDE
RCC.SDMMCFreq_Value=16000000
RCC.USART6Freq_Value=16000000
NVIC.CAN1_TX_IRQn=true\:5\:0\:false\:false\:true\:true\:true\:true
Mcu.ThirdPartyNb=0
RCC.HCLKFreq_Value=16000000
RCC.I2C4Freq_Value=16000000
Mcu.IPNb=6
ProjectManager.PreviousToolchain=
PB9.Mode=CAN_Activate
RCC.APB2TimFreq_Value=16000000
RCC.SPDIFRXFreq_Value=96000000
PB9.Locked=true
RCC.SAI2Freq_Value=96000000
ProjectManager.RegisterCallBack=
RCC.USBFreq_Value=96000000
RCC.VCOSAIOutputFreq_Value=192000000
FREERTOS.IPParameters=Tasks01,FootprintOK,configMINIMAL_STACK_SIZE
RCC.PLLSAIoutputFreq_Value=96000000
FREERTOS.configMINIMAL_STACK_SIZE=256
RCC.LSE_VALUE=32768
RCC.AHBFreq_Value=16000000
Mcu.Pin0=PC13
Mcu.Pin1=PB0
CAN1.ABOM=ENABLE
GPIO.groupedBy=Group By Peripherals
Mcu.Pin2=PB8
Mcu.Pin3=PB9
RCC.USART3Freq_Value=16000000
Mcu.Pin4=VP_FREERTOS_VS_CMSIS_V1
RCC.VCOI2SOutputFreq_Value=192000000
Mcu.Pin5=VP_SYS_VS_tim6
RCC.PLLSAIRCLKFreq_Value=96000000
ProjectManager.ProjectBuild=false
RCC.HSE_VALUE=25000000
NVIC.UsageFault_IRQn=true\:0\:0\:false\:false\:true\:false\:false\:false
NVIC.DebugMonitor_IRQn=true\:0\:0\:false\:false\:true\:false\:false\:false
RCC.PLLSAIPCLKFreq_Value=96000000
board=custom
RCC.VCOOutputFreq_Value=192000000
NVIC.SysTick_IRQn=true\:15\:0\:false\:false\:false\:true\:false\:true
ProjectManager.LastFirmware=true
ProjectManager.FirmwarePackage=STM32Cube FW_F7 V1.16.1
MxDb.Version=DB.6.0.21
VP_SYS_VS_tim6.Signal=SYS_VS_tim6
PB0.GPIOParameters=GPIO_Label
NVIC.SavedSystickIrqHandlerGenerated=true
RCC.APB2Freq_Value=16000000
RCC.UART4Freq_Value=16000000
ProjectManager.BackupPrevious=false
MxCube.Version=6.2.1
RCC.VCOInputFreq_Value=1000000
RCC.I2C1Freq_Value=16000000
RCC.PLLI2SPCLKFreq_Value=96000000
PC13.GPIOParameters=GPIO_Label
CAN1.Mode=CAN_MODE_LOOPBACK
RCC.RNGFreq_Value=96000000
File.Version=6
RCC.EthernetFreq_Value=16000000
NVIC.NonMaskableInt_IRQn=true\:0\:0\:false\:false\:true\:false\:false\:false
PB8.Locked=true
NVIC.PendSV_IRQn=true\:15\:0\:false\:false\:false\:true\:false\:false
RCC.UART5Freq_Value=16000000
VP_FREERTOS_VS_CMSIS_V1.Mode=CMSIS_V1
ProjectManager.FreePins=false
RCC.IPParameters=AHBFreq_Value,APB1Freq_Value,APB1TimFreq_Value,APB2Freq_Value,APB2TimFreq_Value,CECFreq_Value,CortexFreq_Value,EthernetFreq_Value,FCLKCortexFreq_Value,FamilyName,HCLKFreq_Value,HSE_VALUE,HSI_VALUE,I2C1Freq_Value,I2C2Freq_Value,I2C3Freq_Value,I2C4Freq_Value,I2SFreq_Value,LCDTFToutputFreq_Value,LPTIM1Freq_Value,LSE_VALUE,LSI_VALUE,MCO2PinFreq_Value,PLLCLKFreq_Value,PLLI2SPCLKFreq_Value,PLLI2SQCLKFreq_Value,PLLI2SRCLKFreq_Value,PLLQCLKFreq_Value,PLLSAIPCLKFreq_Value,PLLSAIQCLKFreq_Value,PLLSAIRCLKFreq_Value,PLLSAIoutputFreq_Value,RNGFreq_Value,SAI1Freq_Value,SAI2Freq_Value,SDMMCFreq_Value,SPDIFRXFreq_Value,SYSCLKFreq_VALUE,UART4Freq_Value,UART5Freq_Value,UART7Freq_Value,UART8Freq_Value,USART1Freq_Value,USART2Freq_Value,USART3Freq_Value,USART6Freq_Value,USBFreq_Value,VCOI2SOutputFreq_Value,VCOInputFreq_Value,VCOOutputFreq_Value,VCOSAIOutputFreq_Value
ProjectManager.AskForMigrate=true
Mcu.Name=STM32F756ZGTx
RCC.PLLI2SQCLKFreq_Value=96000000
ProjectManager.HalAssertFull=false
PB0.Locked=true
NVIC.SavedPendsvIrqHandlerGenerated=true
ProjectManager.ProjectName=power-distribution-module-2022
ProjectManager.UnderRoot=true
ProjectManager.CoupleFile=false
RCC.MCO2PinFreq_Value=16000000
RCC.SYSCLKFreq_VALUE=16000000
CAN1.Prescaler=2
PB9.Signal=CAN1_TX
Mcu.Package=LQFP144
NVIC.TimeBase=TIM6_DAC_IRQn
NVIC.ForceEnableDMAVector=true
KeepUserPlacement=false
NVIC.MemoryManagement_IRQn=true\:0\:0\:false\:false\:true\:false\:false\:false
ProjectManager.CompilerOptimize=6
ProjectManager.ToolChainLocation=
RCC.LSI_VALUE=32000
NVIC.TimeBaseIP=TIM6
FREERTOS.FootprintOK=true
ProjectManager.HeapSize=0x200
NVIC.HardFault_IRQn=true\:0\:0\:false\:false\:true\:false\:false\:false
ProjectManager.ComputerToolchain=false
RCC.HSI_VALUE=16000000
NVIC.PriorityGroup=NVIC_PRIORITYGROUP_4
PB8.Mode=CAN_Activate
RCC.CECFreq_Value=32786.88524590164
RCC.APB1TimFreq_Value=16000000
PB8.Signal=CAN1_RX
NVIC.BusFault_IRQn=true\:0\:0\:false\:false\:true\:false\:false\:false
RCC.I2C2Freq_Value=16000000
RCC.APB1Freq_Value=16000000
CAN1.CalculateTimeBit=1000.00
PB0.Signal=GPIO_Output
ProjectManager.CustomerFirmwarePackage=
ProjectManager.DeviceId=STM32F756ZGTx
ProjectManager.LibraryCopy=1
NVIC.CAN1_RX0_IRQn=true\:5\:0\:false\:false\:true\:true\:true\:true
RCC.PLLSAIQCLKFreq_Value=96000000
CAN1.CalculateTimeQuantum=125.0
isbadioc=false
